
Microsoft Visual Studio Solution File, Format Version 12.00
# Visual Studio Version 17
VisualStudioVersion = 17.2.32616.157
MinimumVisualStudioVersion = 10.0.40219.1
Project("{FAE04EC0-301F-11D3-BF4B-00C04F79EFBC}") = "Async", "Async\Async.csproj", "{39C701EE-BD5A-4C9E-880B-4EB51A631775}"
EndProject
Project("{FAE04EC0-301F-11D3-BF4B-00C04F79EFBC}") = "Sync", "Sync\Sync.csproj", "{87112E4D-DCD8-4662-AACC-41B5DAAFA7DF}"
EndProject
Project("{FAE04EC0-301F-11D3-BF4B-00C04F79EFBC}") = "TestData", "TestData\TestData.csproj", "{3687A2A0-22AD-4439-980B-FF749D8FA59C}"
EndProject
Global
	GlobalSection(SolutionConfigurationPlatforms) = preSolution
		Debug|Any CPU = Debug|Any CPU
		Release|Any CPU = Release|Any CPU
	EndGlobalSection
	GlobalSection(ProjectConfigurationPlatforms) = postSolution
		{39C701EE-BD5A-4C9E-880B-4EB51A631775}.Debug|Any CPU.ActiveCfg = Debug|Any CPU
		{39C701EE-BD5A-4C9E-880B-4EB51A631775}.Debug|Any CPU.Build.0 = Debug|Any CPU
		{39C701EE-BD5A-4C9E-880B-4EB51A631775}.Release|Any CPU.ActiveCfg = Release|Any CPU
		{39C701EE-BD5A-4C9E-880B-4EB51A631775}.Release|Any CPU.Build.0 = Release|Any CPU
		{87112E4D-DCD8-4662-AACC-41B5DAAFA7DF}.Debug|Any CPU.ActiveCfg = Debug|Any CPU
		{87112E4D-DCD8-4662-AACC-41B5DAAFA7DF}.Debug|Any CPU.Build.0 = Debug|Any CPU
		{87112E4D-DCD8-4662-AACC-41B5DAAFA7DF}.Release|Any CPU.ActiveCfg = Release|Any CPU
		{87112E4D-DCD8-4662-AACC-41B5DAAFA7DF}.Release|Any CPU.Build.0 = Release|Any CPU
		{3687A2A0-22AD-4439-980B-FF749D8FA59C}.Debug|Any CPU.ActiveCfg = Debug|Any CPU
		{3687A2A0-22AD-4439-980B-FF749D8FA59C}.Debug|Any CPU.Build.0 = Debug|Any CPU
		{3687A2A0-22AD-4439-980B-FF749D8FA59C}.Release|Any CPU.ActiveCfg = Release|Any CPU
		{3687A2A0-22AD-4439-980B-FF749D8FA59C}.Release|Any CPU.Build.0 = Release|Any CPU
	EndGlobalSection
	GlobalSection(SolutionProperties) = preSolution
		HideSolutionNode = FALSE
	EndGlobalSection
	GlobalSection(ExtensibilityGlobals) = postSolution
		SolutionGuid = {A28387FD-ADFE-4143-9BCC-5DBC0D333C46}
	EndGlobalSection
EndGlobal
